
Microsoft Visual Studio Solution File, Format Version 12.00
# Visual Studio 14
VisualStudioVersion = 14.0.23107.0
MinimumVisualStudioVersion = 10.0.40219.1
Project("{FAE04EC0-301F-11D3-BF4B-00C04F79EFBC}") = "C211Eventster", "C211Eventster\C211Eventster.csproj", "{03C93BA5-F23D-4667-81AF-78521DCDF798}"
EndProject
Project("{FAE04EC0-301F-11D3-BF4B-00C04F79EFBC}") = "C211Eventster.Old", "C211Eventster.Old\C211Eventster.Old.csproj", "{7A7C1477-10B0-4925-8C42-0D9355E8D713}"
EndProject
Project("{FAE04EC0-301F-11D3-BF4B-00C04F79EFBC}") = "C211Eventster.Library", "C211Eventster.Library\C211Eventster.Library.csproj", "{1C8DB9C9-30D6-42E7-B649-447E0D137190}"
EndProject
Project("{2150E333-8FDC-42A3-9474-1A3956D46DE8}") = "Clients", "Clients", "{BC854D72-0433-4659-8806-A23D00E8A816}"
EndProject
Project("{2150E333-8FDC-42A3-9474-1A3956D46DE8}") = "Libraries", "Libraries", "{41038429-7007-48AB-BD49-FFCBFABAD180}"
EndProject
Project("{2150E333-8FDC-42A3-9474-1A3956D46DE8}") = "Slides", "Slides", "{E2E54C72-7B02-485E-945A-8910029CB3AB}"
	ProjectSection(SolutionItems) = preProject
		DesignersEye - Copy.pptx = DesignersEye - Copy.pptx
	EndProjectSection
EndProject
Global
	GlobalSection(SolutionConfigurationPlatforms) = preSolution
		Debug|Any CPU = Debug|Any CPU
		Debug|ARM = Debug|ARM
		Debug|x64 = Debug|x64
		Debug|x86 = Debug|x86
		Release|Any CPU = Release|Any CPU
		Release|ARM = Release|ARM
		Release|x64 = Release|x64
		Release|x86 = Release|x86
	EndGlobalSection
	GlobalSection(ProjectConfigurationPlatforms) = postSolution
		{03C93BA5-F23D-4667-81AF-78521DCDF798}.Debug|Any CPU.ActiveCfg = Debug|x86
		{03C93BA5-F23D-4667-81AF-78521DCDF798}.Debug|ARM.ActiveCfg = Debug|ARM
		{03C93BA5-F23D-4667-81AF-78521DCDF798}.Debug|ARM.Build.0 = Debug|ARM
		{03C93BA5-F23D-4667-81AF-78521DCDF798}.Debug|ARM.Deploy.0 = Debug|ARM
		{03C93BA5-F23D-4667-81AF-78521DCDF798}.Debug|x64.ActiveCfg = Debug|x64
		{03C93BA5-F23D-4667-81AF-78521DCDF798}.Debug|x64.Build.0 = Debug|x64
		{03C93BA5-F23D-4667-81AF-78521DCDF798}.Debug|x64.Deploy.0 = Debug|x64
		{03C93BA5-F23D-4667-81AF-78521DCDF798}.Debug|x86.ActiveCfg = Debug|x86
		{03C93BA5-F23D-4667-81AF-78521DCDF798}.Debug|x86.Build.0 = Debug|x86
		{03C93BA5-F23D-4667-81AF-78521DCDF798}.Debug|x86.Deploy.0 = Debug|x86
		{03C93BA5-F23D-4667-81AF-78521DCDF798}.Release|Any CPU.ActiveCfg = Release|x86
		{03C93BA5-F23D-4667-81AF-78521DCDF798}.Release|ARM.ActiveCfg = Release|ARM
		{03C93BA5-F23D-4667-81AF-78521DCDF798}.Release|ARM.Build.0 = Release|ARM
		{03C93BA5-F23D-4667-81AF-78521DCDF798}.Release|ARM.Deploy.0 = Release|ARM
		{03C93BA5-F23D-4667-81AF-78521DCDF798}.Release|x64.ActiveCfg = Release|x64
		{03C93BA5-F23D-4667-81AF-78521DCDF798}.Release|x64.Build.0 = Release|x64
		{03C93BA5-F23D-4667-81AF-78521DCDF798}.Release|x64.Deploy.0 = Release|x64
		{03C93BA5-F23D-4667-81AF-78521DCDF798}.Release|x86.ActiveCfg = Release|x86
		{03C93BA5-F23D-4667-81AF-78521DCDF798}.Release|x86.Build.0 = Release|x86
		{03C93BA5-F23D-4667-81AF-78521DCDF798}.Release|x86.Deploy.0 = Release|x86
		{7A7C1477-10B0-4925-8C42-0D9355E8D713}.Debug|Any CPU.ActiveCfg = Debug|x86
		{7A7C1477-10B0-4925-8C42-0D9355E8D713}.Debug|ARM.ActiveCfg = Debug|ARM
		{7A7C1477-10B0-4925-8C42-0D9355E8D713}.Debug|ARM.Build.0 = Debug|ARM
		{7A7C1477-10B0-4925-8C42-0D9355E8D713}.Debug|ARM.Deploy.0 = Debug|ARM
		{7A7C1477-10B0-4925-8C42-0D9355E8D713}.Debug|x64.ActiveCfg = Debug|x64
		{7A7C1477-10B0-4925-8C42-0D9355E8D713}.Debug|x64.Build.0 = Debug|x64
		{7A7C1477-10B0-4925-8C42-0D9355E8D713}.Debug|x64.Deploy.0 = Debug|x64
		{7A7C1477-10B0-4925-8C42-0D9355E8D713}.Debug|x86.ActiveCfg = Debug|x86
		{7A7C1477-10B0-4925-8C42-0D9355E8D713}.Debug|x86.Build.0 = Debug|x86
		{7A7C1477-10B0-4925-8C42-0D9355E8D713}.Debug|x86.Deploy.0 = Debug|x86
		{7A7C1477-10B0-4925-8C42-0D9355E8D713}.Release|Any CPU.ActiveCfg = Release|x86
		{7A7C1477-10B0-4925-8C42-0D9355E8D713}.Release|ARM.ActiveCfg = Release|ARM
		{7A7C1477-10B0-4925-8C42-0D9355E8D713}.Release|ARM.Build.0 = Release|ARM
		{7A7C1477-10B0-4925-8C42-0D9355E8D713}.Release|ARM.Deploy.0 = Release|ARM
		{7A7C1477-10B0-4925-8C42-0D9355E8D713}.Release|x64.ActiveCfg = Release|x64
		{7A7C1477-10B0-4925-8C42-0D9355E8D713}.Release|x64.Build.0 = Release|x64
		{7A7C1477-10B0-4925-8C42-0D9355E8D713}.Release|x64.Deploy.0 = Release|x64
		{7A7C1477-10B0-4925-8C42-0D9355E8D713}.Release|x86.ActiveCfg = Release|x86
		{7A7C1477-10B0-4925-8C42-0D9355E8D713}.Release|x86.Build.0 = Release|x86
		{7A7C1477-10B0-4925-8C42-0D9355E8D713}.Release|x86.Deploy.0 = Release|x86
		{1C8DB9C9-30D6-42E7-B649-447E0D137190}.Debug|Any CPU.ActiveCfg = Debug|Any CPU
		{1C8DB9C9-30D6-42E7-B649-447E0D137190}.Debug|Any CPU.Build.0 = Debug|Any CPU
		{1C8DB9C9-30D6-42E7-B649-447E0D137190}.Debug|ARM.ActiveCfg = Debug|ARM
		{1C8DB9C9-30D6-42E7-B649-447E0D137190}.Debug|ARM.Build.0 = Debug|ARM
		{1C8DB9C9-30D6-42E7-B649-447E0D137190}.Debug|x64.ActiveCfg = Debug|x64
		{1C8DB9C9-30D6-42E7-B649-447E0D137190}.Debug|x64.Build.0 = Debug|x64
		{1C8DB9C9-30D6-42E7-B649-447E0D137190}.Debug|x86.ActiveCfg = Debug|x86
		{1C8DB9C9-30D6-42E7-B649-447E0D137190}.Debug|x86.Build.0 = Debug|x86
		{1C8DB9C9-30D6-42E7-B649-447E0D137190}.Release|Any CPU.ActiveCfg = Release|Any CPU
		{1C8DB9C9-30D6-42E7-B649-447E0D137190}.Release|Any CPU.Build.0 = Release|Any CPU
		{1C8DB9C9-30D6-42E7-B649-447E0D137190}.Release|ARM.ActiveCfg = Release|ARM
		{1C8DB9C9-30D6-42E7-B649-447E0D137190}.Release|ARM.Build.0 = Release|ARM
		{1C8DB9C9-30D6-42E7-B649-447E0D137190}.Release|x64.ActiveCfg = Release|x64
		{1C8DB9C9-30D6-42E7-B649-447E0D137190}.Release|x64.Build.0 = Release|x64
		{1C8DB9C9-30D6-42E7-B649-447E0D137190}.Release|x86.ActiveCfg = Release|x86
		{1C8DB9C9-30D6-42E7-B649-447E0D137190}.Release|x86.Build.0 = Release|x86
	EndGlobalSection
	GlobalSection(SolutionProperties) = preSolution
		HideSolutionNode = FALSE
	EndGlobalSection
	GlobalSection(NestedProjects) = preSolution
		{03C93BA5-F23D-4667-81AF-78521DCDF798} = {BC854D72-0433-4659-8806-A23D00E8A816}
		{7A7C1477-10B0-4925-8C42-0D9355E8D713} = {BC854D72-0433-4659-8806-A23D00E8A816}
		{1C8DB9C9-30D6-42E7-B649-447E0D137190} = {41038429-7007-48AB-BD49-FFCBFABAD180}
	EndGlobalSection
EndGlobal
